
Microsoft Visual Studio Solution File, Format Version 12.00
# Visual Studio Version 16
VisualStudioVersion = 16.0.32630.194
MinimumVisualStudioVersion = 10.0.40219.1
Project("{FAE04EC0-301F-11D3-BF4B-00C04F79EFBC}") = "CRUDAPI", "CRUDAPI\CRUDAPI.csproj", "{0FF687D0-FA08-4EB6-A905-F5F3710B7FB1}"
EndProject
Project("{FAE04EC0-301F-11D3-BF4B-00C04F79EFBC}") = "CRUDAPI.Services", "CRUDAPI.Services\CRUDAPI.Services.csproj", "{C1234035-83EE-4E45-9202-1E5C0F98E618}"
EndProject
Project("{FAE04EC0-301F-11D3-BF4B-00C04F79EFBC}") = "CRUDAPI.Models", "CRUDAPI.Models\CRUDAPI.Models.csproj", "{8A9B9B32-B6C1-4EA6-9A66-5CC82ADD9202}"
EndProject
Project("{FAE04EC0-301F-11D3-BF4B-00C04F79EFBC}") = "CRUDAPI.DataAccess", "CRUDAPI.DataAccess\CRUDAPI.DataAccess.csproj", "{D4DE4690-99DA-4EDA-8C46-2F95C62F2035}"
EndProject
Global
	GlobalSection(SolutionConfigurationPlatforms) = preSolution
		Debug|Any CPU = Debug|Any CPU
		Release|Any CPU = Release|Any CPU
	EndGlobalSection
	GlobalSection(ProjectConfigurationPlatforms) = postSolution
		{0FF687D0-FA08-4EB6-A905-F5F3710B7FB1}.Debug|Any CPU.ActiveCfg = Debug|Any CPU
		{0FF687D0-FA08-4EB6-A905-F5F3710B7FB1}.Debug|Any CPU.Build.0 = Debug|Any CPU
		{0FF687D0-FA08-4EB6-A905-F5F3710B7FB1}.Release|Any CPU.ActiveCfg = Release|Any CPU
		{0FF687D0-FA08-4EB6-A905-F5F3710B7FB1}.Release|Any CPU.Build.0 = Release|Any CPU
		{C1234035-83EE-4E45-9202-1E5C0F98E618}.Debug|Any CPU.ActiveCfg = Debug|Any CPU
		{C1234035-83EE-4E45-9202-1E5C0F98E618}.Debug|Any CPU.Build.0 = Debug|Any CPU
		{C1234035-83EE-4E45-9202-1E5C0F98E618}.Release|Any CPU.ActiveCfg = Release|Any CPU
		{C1234035-83EE-4E45-9202-1E5C0F98E618}.Release|Any CPU.Build.0 = Release|Any CPU
		{8A9B9B32-B6C1-4EA6-9A66-5CC82ADD9202}.Debug|Any CPU.ActiveCfg = Debug|Any CPU
		{8A9B9B32-B6C1-4EA6-9A66-5CC82ADD9202}.Debug|Any CPU.Build.0 = Debug|Any CPU
		{8A9B9B32-B6C1-4EA6-9A66-5CC82ADD9202}.Release|Any CPU.ActiveCfg = Release|Any CPU
		{8A9B9B32-B6C1-4EA6-9A66-5CC82ADD9202}.Release|Any CPU.Build.0 = Release|Any CPU
		{D4DE4690-99DA-4EDA-8C46-2F95C62F2035}.Debug|Any CPU.ActiveCfg = Debug|Any CPU
		{D4DE4690-99DA-4EDA-8C46-2F95C62F2035}.Debug|Any CPU.Build.0 = Debug|Any CPU
		{D4DE4690-99DA-4EDA-8C46-2F95C62F2035}.Release|Any CPU.ActiveCfg = Release|Any CPU
		{D4DE4690-99DA-4EDA-8C46-2F95C62F2035}.Release|Any CPU.Build.0 = Release|Any CPU
	EndGlobalSection
	GlobalSection(SolutionProperties) = preSolution
		HideSolutionNode = FALSE
	EndGlobalSection
	GlobalSection(ExtensibilityGlobals) = postSolution
		SolutionGuid = {26D9C57C-0F4C-4956-8538-FA48EF0B573C}
	EndGlobalSection
EndGlobal
